
Microsoft Visual Studio Solution File, Format Version 12.00
# Visual Studio 14
VisualStudioVersion = 14.0.25123.0
MinimumVisualStudioVersion = 10.0.40219.1
Project("{FAE04EC0-301F-11D3-BF4B-00C04F79EFBC}") = "Hexify.Tests", "Hexify.Tests\Hexify.Tests.csproj", "{1575B386-F74D-4147-863A-6973595A89D1}"
EndProject
Project("{FAE04EC0-301F-11D3-BF4B-00C04F79EFBC}") = "Hexify", "Hexify\Hexify.csproj", "{BA4B4656-C3F7-4138-A018-E2DD176DDB5D}"
EndProject
Global
	GlobalSection(SolutionConfigurationPlatforms) = preSolution
		Debug|Any CPU = Debug|Any CPU
		Release|Any CPU = Release|Any CPU
	EndGlobalSection
	GlobalSection(ProjectConfigurationPlatforms) = postSolution
		{1575B386-F74D-4147-863A-6973595A89D1}.Debug|Any CPU.ActiveCfg = Debug|Any CPU
		{1575B386-F74D-4147-863A-6973595A89D1}.Debug|Any CPU.Build.0 = Debug|Any CPU
		{1575B386-F74D-4147-863A-6973595A89D1}.Release|Any CPU.ActiveCfg = Release|Any CPU
		{1575B386-F74D-4147-863A-6973595A89D1}.Release|Any CPU.Build.0 = Release|Any CPU
		{BA4B4656-C3F7-4138-A018-E2DD176DDB5D}.Debug|Any CPU.ActiveCfg = Debug|Any CPU
		{BA4B4656-C3F7-4138-A018-E2DD176DDB5D}.Debug|Any CPU.Build.0 = Debug|Any CPU
		{BA4B4656-C3F7-4138-A018-E2DD176DDB5D}.Release|Any CPU.ActiveCfg = Release|Any CPU
		{BA4B4656-C3F7-4138-A018-E2DD176DDB5D}.Release|Any CPU.Build.0 = Release|Any CPU
	EndGlobalSection
	GlobalSection(SolutionProperties) = preSolution
		HideSolutionNode = FALSE
	EndGlobalSection
EndGlobal
